
Microsoft Visual Studio Solution File, Format Version 12.00
# Visual Studio Version 17
VisualStudioVersion = 17.2.32602.215
MinimumVisualStudioVersion = 10.0.40219.1
Project("{2150E333-8FDC-42A3-9474-1A3956D46DE8}") = "Solution Items", "Solution Items", "{A5CDE51A-DBA4-4817-937B-C5A4C9EBA86C}"
	ProjectSection(SolutionItems) = preProject
		LICENSE = LICENSE
		README.md = README.md
	EndProjectSection
EndProject
Project("{FAE04EC0-301F-11D3-BF4B-00C04F79EFBC}") = "Rijndael256", "Rijndael256\Rijndael256.csproj", "{DB6A458A-713D-46BA-B68D-A42D57DE19BE}"
EndProject
Project("{FAE04EC0-301F-11D3-BF4B-00C04F79EFBC}") = "Rijndael256.Tests", "Rijndael256.Tests\Rijndael256.Tests.csproj", "{8951F2E7-3446-4DEB-94FC-CA4F775AEAEB}"
EndProject
Global
	GlobalSection(SolutionConfigurationPlatforms) = preSolution
		Debug|Any CPU = Debug|Any CPU
		Release|Any CPU = Release|Any CPU
	EndGlobalSection
	GlobalSection(ProjectConfigurationPlatforms) = postSolution
		{DB6A458A-713D-46BA-B68D-A42D57DE19BE}.Debug|Any CPU.ActiveCfg = Debug|Any CPU
		{DB6A458A-713D-46BA-B68D-A42D57DE19BE}.Debug|Any CPU.Build.0 = Debug|Any CPU
		{DB6A458A-713D-46BA-B68D-A42D57DE19BE}.Release|Any CPU.ActiveCfg = Release|Any CPU
		{DB6A458A-713D-46BA-B68D-A42D57DE19BE}.Release|Any CPU.Build.0 = Release|Any CPU
		{8951F2E7-3446-4DEB-94FC-CA4F775AEAEB}.Debug|Any CPU.ActiveCfg = Debug|Any CPU
		{8951F2E7-3446-4DEB-94FC-CA4F775AEAEB}.Debug|Any CPU.Build.0 = Debug|Any CPU
		{8951F2E7-3446-4DEB-94FC-CA4F775AEAEB}.Release|Any CPU.ActiveCfg = Release|Any CPU
		{8951F2E7-3446-4DEB-94FC-CA4F775AEAEB}.Release|Any CPU.Build.0 = Release|Any CPU
	EndGlobalSection
	GlobalSection(SolutionProperties) = preSolution
		HideSolutionNode = FALSE
	EndGlobalSection
	GlobalSection(ExtensibilityGlobals) = postSolution
		SolutionGuid = {BF7A5E4C-A288-4565-A7AC-4CB1743BDBC2}
	EndGlobalSection
EndGlobal
